lockVersion: 2.0.0
id: 2fe7b345-964b-43dd-8d77-444b6d736738
management:
  docChecksum: fd40599607d733902d54122e61f56db5
  docVersion: 1.0.0
  speakeasyVersion: 1.551.0
  generationVersion: 2.610.0
  releaseVersion: 0.0.1
  configChecksum: 44a8f7981517133016290409d7c1b509
features:
  terraform:
    additionalDependencies: 0.1.0
    core: 3.41.10
    globalServerURLs: 2.82.2
    nullables: 0.0.0
generatedFiles:
  - .gitattributes
  - USAGE.md
  - examples/README.md
  - examples/data-sources/manifest_datacenter/data-source.tf
  - examples/provider/provider.tf
  - examples/resources/manifest_datacenter/import.sh
  - examples/resources/manifest_datacenter/resource.tf
  - go.mod
  - go.sum
  - internal/planmodifiers/boolplanmodifier/suppress_diff.go
  - internal/planmodifiers/float32planmodifier/suppress_diff.go
  - internal/planmodifiers/float64planmodifier/suppress_diff.go
  - internal/planmodifiers/int32planmodifier/suppress_diff.go
  - internal/planmodifiers/int64planmodifier/suppress_diff.go
  - internal/planmodifiers/listplanmodifier/suppress_diff.go
  - internal/planmodifiers/mapplanmodifier/suppress_diff.go
  - internal/planmodifiers/numberplanmodifier/suppress_diff.go
  - internal/planmodifiers/objectplanmodifier/suppress_diff.go
  - internal/planmodifiers/setplanmodifier/suppress_diff.go
  - internal/planmodifiers/stringplanmodifier/suppress_diff.go
  - internal/planmodifiers/utils/state_check.go
  - internal/provider/datacenter_data_source.go
  - internal/provider/datacenter_data_source_sdk.go
  - internal/provider/datacenter_resource.go
  - internal/provider/datacenter_resource_sdk.go
  - internal/provider/provider.go
  - internal/provider/reflect/diags.go
  - internal/provider/reflect/doc.go
  - internal/provider/reflect/generic_attr_value.go
  - internal/provider/reflect/helpers.go
  - internal/provider/reflect/interfaces.go
  - internal/provider/reflect/into.go
  - internal/provider/reflect/map.go
  - internal/provider/reflect/number.go
  - internal/provider/reflect/options.go
  - internal/provider/reflect/outof.go
  - internal/provider/reflect/pointer.go
  - internal/provider/reflect/primitive.go
  - internal/provider/reflect/slice.go
  - internal/provider/reflect/struct.go
  - internal/provider/typeconvert/date.go
  - internal/provider/typeconvert/datetime.go
  - internal/provider/typeconvert/int32.go
  - internal/provider/utils.go
  - internal/sdk/.gitattributes
  - internal/sdk/internal/hooks/hooks.go
  - internal/sdk/internal/utils/contenttype.go
  - internal/sdk/internal/utils/env.go
  - internal/sdk/internal/utils/form.go
  - internal/sdk/internal/utils/headers.go
  - internal/sdk/internal/utils/json.go
  - internal/sdk/internal/utils/pathparams.go
  - internal/sdk/internal/utils/queryparams.go
  - internal/sdk/internal/utils/requestbody.go
  - internal/sdk/internal/utils/retries.go
  - internal/sdk/internal/utils/security.go
  - internal/sdk/internal/utils/utils.go
  - internal/sdk/manifest.go
  - internal/sdk/models/errors/apierror.go
  - internal/sdk/models/operations/manifestapiv1createdatacenter.go
  - internal/sdk/models/operations/manifestapiv1deletedatacenter.go
  - internal/sdk/models/operations/manifestapiv1getdatacenter.go
  - internal/sdk/models/operations/manifestapiv1updatedatacenter.go
  - internal/sdk/models/operations/options.go
  - internal/sdk/models/shared/datacenter.go
  - internal/sdk/retry/config.go
  - internal/sdk/types/bigint.go
  - internal/sdk/types/date.go
  - internal/sdk/types/datetime.go
  - internal/sdk/types/decimal.go
  - internal/sdk/types/pointers.go
  - internal/validators/DateValidator.go
  - internal/validators/ExactlyOneChild.go
  - internal/validators/JSONParseValidator.go
  - internal/validators/RFC3339Validator.go
  - internal/validators/boolvalidators/not_null.go
  - internal/validators/float32validators/not_null.go
  - internal/validators/float64validators/not_null.go
  - internal/validators/int32validators/not_null.go
  - internal/validators/int64validators/not_null.go
  - internal/validators/listvalidators/not_null.go
  - internal/validators/mapvalidators/not_null.go
  - internal/validators/numbervalidators/not_null.go
  - internal/validators/objectvalidators/not_null.go
  - internal/validators/setvalidators/not_null.go
  - internal/validators/stringvalidators/not_null.go
  - main.go
  - terraform-registry-manifest.json
  - tools/tools.go
examples:
  manifest_api_v1_create_datacenter:
    speakeasy-default-manifest-api-v1-create-datacenter:
      requestBody:
        application/json: {"name": "<value>", "location": "<value>"}
      responses:
        "200":
          application/json: {"name": "<value>", "location": "<value>"}
  manifest_api_v1_get_datacenter:
    speakeasy-default-manifest-api-v1-get-datacenter:
      parameters:
        path:
          id: 247327
      responses:
        "200":
          application/json: {"name": "<value>", "location": "<value>"}
  manifest_api_v1_update_datacenter:
    speakeasy-default-manifest-api-v1-update-datacenter:
      parameters:
        path:
          id: 72948
      requestBody:
        application/json: {"name": "<value>", "location": "<value>"}
      responses:
        "200":
          application/json: {"name": "<value>", "location": "<value>"}
  manifest_api_v1_delete_datacenter:
    speakeasy-default-manifest-api-v1-delete-datacenter:
      parameters:
        path:
          id: 356698
      responses:
        "200":
          application/json: {"name": "<value>", "location": "<value>"}
examplesVersion: 1.0.2
generatedTests: {}
