speakeasyVersion: 1.551.0
sources:
    Manifest API:
        sourceNamespace: manifest-api
        sourceRevisionDigest: sha256:dd647813e9f14cfc478157f968e6ff49815f4443bb90aec88c5cd649e61427a4
        sourceBlobDigest: sha256:d84f51281d074d5ff1f846cf3c7254c4a31447ad6ddbbb9d4be14f52dad58d4a
        tags:
            - latest
            - 1.0.0
targets:
    manifest:
        source: Manifest API
        sourceNamespace: manifest-api
        sourceRevisionDigest: sha256:dd647813e9f14cfc478157f968e6ff49815f4443bb90aec88c5cd649e61427a4
        sourceBlobDigest: sha256:d84f51281d074d5ff1f846cf3c7254c4a31447ad6ddbbb9d4be14f52dad58d4a
workflow:
    workflowVersion: 1.0.0
    speakeasyVersion: latest
    sources:
        Manifest API:
            inputs:
                - location: http://127.0.0.1:8000/api/v1/openapi.json
            registry:
                location: registry.speakeasyapi.dev/touch-technology/experiment/manifest-api
    targets:
        manifest:
            target: terraform
            source: Manifest API
