speakeasyVersion: 1.551.0
sources:
    Manifest API:
        sourceNamespace: manifest-api
        sourceRevisionDigest: sha256:ec5026ffcb9d88b6007a5ff1862b65e76a6d4908ee12331864ac88219abc7a1e
        sourceBlobDigest: sha256:c51443bdc080cdf3ecb6a4c62abd41ad8c5cca87645d42abb7fa6c2652eb7472
        tags:
            - latest
            - 1.0.0
targets:
    manifest:
        source: Manifest API
        sourceNamespace: manifest-api
        sourceRevisionDigest: sha256:ec5026ffcb9d88b6007a5ff1862b65e76a6d4908ee12331864ac88219abc7a1e
        sourceBlobDigest: sha256:c51443bdc080cdf3ecb6a4c62abd41ad8c5cca87645d42abb7fa6c2652eb7472
workflow:
    workflowVersion: 1.0.0
    speakeasyVersion: latest
    sources:
        Manifest API:
            inputs:
                - location: http://127.0.0.1:8000/api/v1/openapi.json
            registry:
                location: registry.speakeasyapi.dev/touch-technology/experiment/manifest-api
    targets:
        manifest:
            target: terraform
            source: Manifest API
